
Microsoft Visual Studio Solution File, Format Version 12.00
# Visual Studio Version 16
VisualStudioVersion = 16.0.31019.35
MinimumVisualStudioVersion = 10.0.40219.1
Project("{FAE04EC0-301F-11D3-BF4B-00C04F79EFBC}") = "Siste_Inmueble", "Siste_Inmueble\Siste_Inmueble.csproj", "{3F8ADBD1-8AA3-4256-91E9-DB4ED26B297F}"
EndProject
Project("{FAE04EC0-301F-11D3-BF4B-00C04F79EFBC}") = "Capa_Dato", "Capa_Dato\Capa_Dato.csproj", "{7B9C0ADB-62DC-4CBE-85C8-E9097EF20FAD}"
EndProject
Project("{FAE04EC0-301F-11D3-BF4B-00C04F79EFBC}") = "Capa_Negocio", "Capa_Negocio\Capa_Negocio.csproj", "{21B78A50-AA58-4268-B09D-8C59F9A543FB}"
EndProject
Global
	GlobalSection(SolutionConfigurationPlatforms) = preSolution
		Debug|Any CPU = Debug|Any CPU
		Release|Any CPU = Release|Any CPU
	EndGlobalSection
	GlobalSection(ProjectConfigurationPlatforms) = postSolution
		{3F8ADBD1-8AA3-4256-91E9-DB4ED26B297F}.Debug|Any CPU.ActiveCfg = Debug|Any CPU
		{3F8ADBD1-8AA3-4256-91E9-DB4ED26B297F}.Debug|Any CPU.Build.0 = Debug|Any CPU
		{3F8ADBD1-8AA3-4256-91E9-DB4ED26B297F}.Release|Any CPU.ActiveCfg = Release|Any CPU
		{3F8ADBD1-8AA3-4256-91E9-DB4ED26B297F}.Release|Any CPU.Build.0 = Release|Any CPU
		{7B9C0ADB-62DC-4CBE-85C8-E9097EF20FAD}.Debug|Any CPU.ActiveCfg = Debug|Any CPU
		{7B9C0ADB-62DC-4CBE-85C8-E9097EF20FAD}.Debug|Any CPU.Build.0 = Debug|Any CPU
		{7B9C0ADB-62DC-4CBE-85C8-E9097EF20FAD}.Release|Any CPU.ActiveCfg = Release|Any CPU
		{7B9C0ADB-62DC-4CBE-85C8-E9097EF20FAD}.Release|Any CPU.Build.0 = Release|Any CPU
		{21B78A50-AA58-4268-B09D-8C59F9A543FB}.Debug|Any CPU.ActiveCfg = Debug|Any CPU
		{21B78A50-AA58-4268-B09D-8C59F9A543FB}.Debug|Any CPU.Build.0 = Debug|Any CPU
		{21B78A50-AA58-4268-B09D-8C59F9A543FB}.Release|Any CPU.ActiveCfg = Release|Any CPU
		{21B78A50-AA58-4268-B09D-8C59F9A543FB}.Release|Any CPU.Build.0 = Release|Any CPU
	EndGlobalSection
	GlobalSection(SolutionProperties) = preSolution
		HideSolutionNode = FALSE
	EndGlobalSection
	GlobalSection(ExtensibilityGlobals) = postSolution
		SolutionGuid = {A02FE222-0C15-4C5B-920A-AEA0064DE8A1}
	EndGlobalSection
EndGlobal
